<?xml version="1.0" encoding="utf-8"?>
<Project ToolsVersion="4.0" xmlns="http://schemas.microsoft.com/developer/msbuild/2003">
  <ItemGroup>
    <ClCompile Include="Scripts\Source\main.cpp" />
    <ClCompile Include="Scripts\Source\GameSystem\Time\TimeManager.cpp">
      <Filter>GameSystem\Time</Filter>
    </ClCompile>
    <ClCompile Include="Scripts\Source\GameSystem\Scene\SceneManager.cpp">
      <Filter>GameSystem\Scene</Filter>
    </ClCompile>
    <ClCompile Include="Scripts\Source\GameSystem\Input\InputManager.cpp">
      <Filter>GameSystem\Input</Filter>
    </ClCompile>
    <ClCompile Include="Scripts\Source\GameSystem\GameLoop\GameLoop.cpp">
      <Filter>GameSystem\GameLoop</Filter>
    </ClCompile>
    <ClCompile Include="Scripts\Source\Scene\Title.cpp">
      <Filter>Scene</Filter>
    </ClCompile>
    <ClCompile Include="Scripts\Source\Scene\InGame.cpp">
      <Filter>Scene</Filter>
    </ClCompile>
    <ClCompile Include="Scripts\Source\GameSystem\Texture\TextureManager.cpp">
      <Filter>GameSystem\Texture</Filter>
    </ClCompile>
    <ClCompile Include="Scripts\Source\Object\ObjectBase.cpp">
      <Filter>Object</Filter>
    </ClCompile>
    <ClCompile Include="Scripts\Source\Object\Component\Renderer.cpp">
      <Filter>Object\Component\Renderer</Filter>
    </ClCompile>
    <ClCompile Include="Scripts\Source\Object\Actor\Player.cpp">
      <Filter>Object\Actor</Filter>
    </ClCompile>
    <ClCompile Include="Scripts\Source\GameSystem\Input\InputInvoker.cpp">
      <Filter>GameSystem\Input</Filter>
    </ClCompile>
    <ClCompile Include="Scripts\Source\GameSystem\Invoker\Invoker.cpp">
      <Filter>GameSystem\Invoker</Filter>
    </ClCompile>
  </ItemGroup>
  <ItemGroup>
    <Filter Include="Other">
      <UniqueIdentifier>{4d2461e2-2d27-47a5-bbe2-f086cd267c53}</UniqueIdentifier>
    </Filter>
    <Filter Include="GameSystem">
      <UniqueIdentifier>{2db0169b-6d28-4077-8544-203b3c08457b}</UniqueIdentifier>
    </Filter>
    <Filter Include="GameSystem\GameLoop">
      <UniqueIdentifier>{33a942aa-2382-40b6-99c1-e8c60b002b4f}</UniqueIdentifier>
    </Filter>
    <Filter Include="Definition">
      <UniqueIdentifier>{8ff36392-cee0-44f8-988a-fcd16225818b}</UniqueIdentifier>
    </Filter>
    <Filter Include="GameSystem\Input">
      <UniqueIdentifier>{f2b35f79-e492-4759-ae55-12ac3ebb9b2a}</UniqueIdentifier>
    </Filter>
    <Filter Include="Utility">
      <UniqueIdentifier>{1d3a2948-972e-4bbc-b85e-71d981bc5414}</UniqueIdentifier>
    </Filter>
    <Filter Include="Utility\VectorImpl">
      <UniqueIdentifier>{76e28fde-a15c-414d-8597-569b8697a4f0}</UniqueIdentifier>
    </Filter>
    <Filter Include="GameSystem\Time">
      <UniqueIdentifier>{61acbe83-9361-4b76-944b-5d716586a0fb}</UniqueIdentifier>
    </Filter>
    <Filter Include="GameSystem\Scene">
      <UniqueIdentifier>{b5411f2d-bddf-4e10-9baa-a32debf688e3}</UniqueIdentifier>
    </Filter>
    <Filter Include="Scene">
      <UniqueIdentifier>{8b8ca70c-0996-4c5b-a5c8-2e6abd0d7b82}</UniqueIdentifier>
    </Filter>
    <Filter Include="GameSystem\Texture">
      <UniqueIdentifier>{1bf75354-4f70-420a-803e-f538ef4248f5}</UniqueIdentifier>
    </Filter>
    <Filter Include="Object">
      <UniqueIdentifier>{2d214e63-e706-4c65-8fda-f0b216675606}</UniqueIdentifier>
    </Filter>
    <Filter Include="Object\Component">
      <UniqueIdentifier>{90fc661f-84a0-45d1-96a1-b298dd9ff60a}</UniqueIdentifier>
    </Filter>
    <Filter Include="Object\Component\Transform">
      <UniqueIdentifier>{00adabea-438f-477b-880b-8c7de206d22b}</UniqueIdentifier>
    </Filter>
    <Filter Include="Object\Component\Renderer">
      <UniqueIdentifier>{1c0da199-6990-4319-8c54-cf1e7f3343e8}</UniqueIdentifier>
    </Filter>
    <Filter Include="Utility\PropertyImpl">
      <UniqueIdentifier>{c8d7ae91-60f4-4877-895a-4c2a826efda8}</UniqueIdentifier>
    </Filter>
    <Filter Include="Object\Actor">
      <UniqueIdentifier>{8e68d7c6-9bf5-4e48-9824-d326d6f79d2f}</UniqueIdentifier>
    </Filter>
    <Filter Include="GameSystem\Invoker">
      <UniqueIdentifier>{b565f1d1-a1fa-40b4-8960-e80da4c3c6fb}</UniqueIdentifier>
    </Filter>
  </ItemGroup>
  <ItemGroup>
    <ClInclude Include="Scripts\Include\Game\GameLoop.hpp">
      <Filter>GameSystem\GameLoop</Filter>
    </ClInclude>
    <ClInclude Include="Scripts\Include\Game\Exception.hpp">
      <Filter>Definition</Filter>
    </ClInclude>
    <ClInclude Include="Scripts\Include\Game\Structures.hpp">
      <Filter>Definition</Filter>
    </ClInclude>
    <ClInclude Include="Scripts\Include\Game\Singleton.hpp">
      <Filter>Other</Filter>
    </ClInclude>
    <ClInclude Include="Scripts\Include\Game\InputManager.hpp">
      <Filter>GameSystem\Input</Filter>
    </ClInclude>
    <ClInclude Include="Scripts\Include\Game\Concepts.hpp">
      <Filter>Definition</Filter>
    </ClInclude>
    <ClInclude Include="Scripts\Include\Game\Vector.hpp">
      <Filter>Utility</Filter>
    </ClInclude>
    <ClInclude Include="Scripts\Include\Game\VectorImpl\Vector2.hpp">
      <Filter>Utility\VectorImpl</Filter>
    </ClInclude>
    <ClInclude Include="Scripts\Include\Game\TimeManager.hpp">
      <Filter>GameSystem\Time</Filter>
    </ClInclude>
    <ClInclude Include="Scripts\Include\Game\SceneManager.hpp">
      <Filter>GameSystem\Scene</Filter>
    </ClInclude>
    <ClInclude Include="Scripts\Include\Game\IScene.hpp">
      <Filter>GameSystem\Scene</Filter>
    </ClInclude>
    <ClInclude Include="Scripts\Include\Game\Scene\Title.hpp">
      <Filter>Scene</Filter>
    </ClInclude>
    <ClInclude Include="Scripts\Include\Game\Scene\InGame.hpp">
      <Filter>Scene</Filter>
    </ClInclude>
    <ClInclude Include="Scripts\Include\Game\TextureManager.hpp">
      <Filter>GameSystem\Texture</Filter>
    </ClInclude>
    <ClInclude Include="Scripts\Include\Game\Object\ObjectBase.hpp">
      <Filter>Object</Filter>
    </ClInclude>
    <ClInclude Include="Scripts\Include\Game\Object\Component\Transform.hpp">
      <Filter>Object\Component\Transform</Filter>
    </ClInclude>
    <ClInclude Include="Scripts\Include\Game\Object\Component\Renderer.hpp">
      <Filter>Object\Component\Renderer</Filter>
    </ClInclude>
    <ClInclude Include="Scripts\Include\Game\PropertyImpl\BasicProperty.hpp">
      <Filter>Utility\PropertyImpl</Filter>
    </ClInclude>
    <ClInclude Include="Scripts\Include\Game\PropertyImpl\ReadonlyProperty.hpp">
      <Filter>Utility\PropertyImpl</Filter>
    </ClInclude>
    <ClInclude Include="Scripts\Include\Game\Property.hpp">
      <Filter>Utility</Filter>
    </ClInclude>
    <ClInclude Include="Scripts\Include\Game\Object\ObjectData.hpp">
      <Filter>Object</Filter>
    </ClInclude>
    <ClInclude Include="Scripts\Include\Game\TextureManager.hpp">
      <Filter>GameSystem\Texture</Filter>
    </ClInclude>
    <ClInclude Include="Scripts\Include\Game\Object\Actor\Player.hpp">
      <Filter>Object\Actor</Filter>
    </ClInclude>
    <ClInclude Include="Scripts\Include\Game\Invoker.hpp">
      <Filter>GameSystem\Invoker</Filter>
    </ClInclude>
    <ClInclude Include="Scripts\Include\Game\InputInvoker.hpp">
      <Filter>GameSystem\Input</Filter>
    </ClInclude>
  </ItemGroup>
  <ItemGroup>
    <None Include=".clang-format">
      <Filter>Other</Filter>
    </None>
  </ItemGroup>
</Project>